
Microsoft Visual Studio Solution File, Format Version 12.00
# Visual Studio Version 16
VisualStudioVersion = 16.0.30114.105
MinimumVisualStudioVersion = 10.0.40219.1
Project("{2150E333-8FDC-42A3-9474-1A3956D46DE8}") = "src", "src", "{FCAC9F5D-C71E-49CB-B5CF-8DDB51BE3629}"
EndProject
Project("{F2A71F9B-5D33-465A-A702-920D77279786}") = "Stripe", "src\Stripe\Stripe.fsproj", "{13332B2C-20A2-499A-BFA8-213448AB6866}"
EndProject
Global
	GlobalSection(SolutionConfigurationPlatforms) = preSolution
		Debug|Any CPU = Debug|Any CPU
		Release|Any CPU = Release|Any CPU
	EndGlobalSection
	GlobalSection(SolutionProperties) = preSolution
		HideSolutionNode = FALSE
	EndGlobalSection
	GlobalSection(ProjectConfigurationPlatforms) = postSolution
		{13332B2C-20A2-499A-BFA8-213448AB6866}.Debug|Any CPU.ActiveCfg = Debug|Any CPU
		{13332B2C-20A2-499A-BFA8-213448AB6866}.Debug|Any CPU.Build.0 = Debug|Any CPU
		{13332B2C-20A2-499A-BFA8-213448AB6866}.Release|Any CPU.ActiveCfg = Release|Any CPU
		{13332B2C-20A2-499A-BFA8-213448AB6866}.Release|Any CPU.Build.0 = Release|Any CPU
	EndGlobalSection
	GlobalSection(NestedProjects) = preSolution
		{13332B2C-20A2-499A-BFA8-213448AB6866} = {FCAC9F5D-C71E-49CB-B5CF-8DDB51BE3629}
	EndGlobalSection
EndGlobal
